
Microsoft Visual Studio Solution File, Format Version 12.00
# Visual Studio 15
VisualStudioVersion = 15.0.27004.2002
MinimumVisualStudioVersion = 10.0.40219.1
Project("{FAE04EC0-301F-11D3-BF4B-00C04F79EFBC}") = "Core", "Core\Core.csproj", "{1626586E-DEED-4F3E-9CEA-A32929BCFB80}"
EndProject
Project("{FAE04EC0-301F-11D3-BF4B-00C04F79EFBC}") = "Web", "Web\Web.csproj", "{A33CD77A-B366-4612-9AF6-AA366C910613}"
EndProject
Global
	GlobalSection(SolutionConfigurationPlatforms) = preSolution
		Debug|Any CPU = Debug|Any CPU
		Release|Any CPU = Release|Any CPU
	EndGlobalSection
	GlobalSection(ProjectConfigurationPlatforms) = postSolution
		{1626586E-DEED-4F3E-9CEA-A32929BCFB80}.Debug|Any CPU.ActiveCfg = Debug|Any CPU
		{1626586E-DEED-4F3E-9CEA-A32929BCFB80}.Debug|Any CPU.Build.0 = Debug|Any CPU
		{1626586E-DEED-4F3E-9CEA-A32929BCFB80}.Release|Any CPU.ActiveCfg = Release|Any CPU
		{1626586E-DEED-4F3E-9CEA-A32929BCFB80}.Release|Any CPU.Build.0 = Release|Any CPU
		{A33CD77A-B366-4612-9AF6-AA366C910613}.Debug|Any CPU.ActiveCfg = Debug|Any CPU
		{A33CD77A-B366-4612-9AF6-AA366C910613}.Debug|Any CPU.Build.0 = Debug|Any CPU
		{A33CD77A-B366-4612-9AF6-AA366C910613}.Release|Any CPU.ActiveCfg = Release|Any CPU
		{A33CD77A-B366-4612-9AF6-AA366C910613}.Release|Any CPU.Build.0 = Release|Any CPU
	EndGlobalSection
	GlobalSection(SolutionProperties) = preSolution
		HideSolutionNode = FALSE
	EndGlobalSection
	GlobalSection(ExtensibilityGlobals) = postSolution
		SolutionGuid = {CF34082F-55C4-454D-A664-F4885C361A49}
	EndGlobalSection
EndGlobal
